version = 1

[[packages]]
name = "5ive-tictactoe"
version = "0.0.0"
address = "Hu6mxNzeXsHuX31eS3516YdisVpmkzJkEZibMzNJhKnJ"
bytecode_hash = "9ba11ef10f6e21feeeb57d50edd7dd0a52c50fe2d19076a4801c6b0e9954d883"
deployed_at = "2026-03-18T06:09:32.644Z"

  [packages.exports]
  methods = [
  "init_config",
  "init_profile",
  "create_open_match",
  "create_invite_match",
  "join_match",
  "start_single_player",
  "play_ttt",
  "play_ttt_single",
  "play_cpu_random",
  "claim_timeout",
  "resign",
  "cancel_waiting_match",
  "get_match_status",
  "get_match_turn",
  "get_match_winner"
]
  interfaces = [ ]
