version = 1

[[packages]]
name = "5ive-tictactoe"
version = "0.0.0"
address = "EURPiskXDCicEop78uV5VRBXABecfR588XJbmiYKLVGU"
bytecode_hash = "763a10278a4577115b479bd7e11db0473ac5e96a9d717da22765a96b27f91d6c"
deployed_at = "2026-03-20T08:33:04.212Z"

  [packages.exports]
  methods = [
  "init_config",
  "init_profile",
  "create_open_match",
  "create_invite_match",
  "join_match",
  "start_single_player",
  "play_ttt",
  "play_ttt_single",
  "play_cpu_random",
  "claim_timeout",
  "resign",
  "cancel_waiting_match",
  "close_finished_match",
  "get_match_status",
  "get_match_turn",
  "get_match_winner"
]
  interfaces = [ ]
